
Microsoft Visual Studio Solution File, Format Version 12.00
# Visual Studio Version 17
VisualStudioVersion = 17.4.33205.214
MinimumVisualStudioVersion = 10.0.40219.1
Project("{8BC9CEB8-8B4A-11D0-8D11-00A0C91BC942}") = "s3de", "s3de\s3de.vcxproj", "{8C5E4D13-7ACE-4E87-BD12-0C8FC8201A0F}"
	ProjectSection(ProjectDependencies) = postProject
		{774AE06B-F5D5-4DEE-AF18-F58C562C3E45} = {774AE06B-F5D5-4DEE-AF18-F58C562C3E45}
		{C2759D94-5DA7-474F-B845-14966E2C8EBE} = {C2759D94-5DA7-474F-B845-14966E2C8EBE}
	EndProjectSection
EndProject
Project("{8BC9CEB8-8B4A-11D0-8D11-00A0C91BC942}") = "lib3ds", "lib3ds\lib3ds.vcxproj", "{C2759D94-5DA7-474F-B845-14966E2C8EBE}"
EndProject
Project("{8BC9CEB8-8B4A-11D0-8D11-00A0C91BC942}") = "cmh3d", "cmh3d\cmh3d.vcxproj", "{774AE06B-F5D5-4DEE-AF18-F58C562C3E45}"
	ProjectSection(ProjectDependencies) = postProject
		{C2759D94-5DA7-474F-B845-14966E2C8EBE} = {C2759D94-5DA7-474F-B845-14966E2C8EBE}
	EndProjectSection
EndProject
Global
	GlobalSection(SolutionConfigurationPlatforms) = preSolution
		Debug|x64 = Debug|x64
		Debug|x86 = Debug|x86
		Release|x64 = Release|x64
		Release|x86 = Release|x86
	EndGlobalSection
	GlobalSection(ProjectConfigurationPlatforms) = postSolution
		{8C5E4D13-7ACE-4E87-BD12-0C8FC8201A0F}.Debug|x64.ActiveCfg = Debug|x64
		{8C5E4D13-7ACE-4E87-BD12-0C8FC8201A0F}.Debug|x64.Build.0 = Debug|x64
		{8C5E4D13-7ACE-4E87-BD12-0C8FC8201A0F}.Debug|x86.ActiveCfg = Debug|Win32
		{8C5E4D13-7ACE-4E87-BD12-0C8FC8201A0F}.Debug|x86.Build.0 = Debug|Win32
		{8C5E4D13-7ACE-4E87-BD12-0C8FC8201A0F}.Release|x64.ActiveCfg = Release|x64
		{8C5E4D13-7ACE-4E87-BD12-0C8FC8201A0F}.Release|x64.Build.0 = Release|x64
		{8C5E4D13-7ACE-4E87-BD12-0C8FC8201A0F}.Release|x86.ActiveCfg = Release|Win32
		{8C5E4D13-7ACE-4E87-BD12-0C8FC8201A0F}.Release|x86.Build.0 = Release|Win32
		{C2759D94-5DA7-474F-B845-14966E2C8EBE}.Debug|x64.ActiveCfg = Debug|x64
		{C2759D94-5DA7-474F-B845-14966E2C8EBE}.Debug|x64.Build.0 = Debug|x64
		{C2759D94-5DA7-474F-B845-14966E2C8EBE}.Debug|x86.ActiveCfg = Debug|Win32
		{C2759D94-5DA7-474F-B845-14966E2C8EBE}.Debug|x86.Build.0 = Debug|Win32
		{C2759D94-5DA7-474F-B845-14966E2C8EBE}.Release|x64.ActiveCfg = Release|x64
		{C2759D94-5DA7-474F-B845-14966E2C8EBE}.Release|x64.Build.0 = Release|x64
		{C2759D94-5DA7-474F-B845-14966E2C8EBE}.Release|x86.ActiveCfg = Release|Win32
		{C2759D94-5DA7-474F-B845-14966E2C8EBE}.Release|x86.Build.0 = Release|Win32
		{774AE06B-F5D5-4DEE-AF18-F58C562C3E45}.Debug|x64.ActiveCfg = Debug|x64
		{774AE06B-F5D5-4DEE-AF18-F58C562C3E45}.Debug|x64.Build.0 = Debug|x64
		{774AE06B-F5D5-4DEE-AF18-F58C562C3E45}.Debug|x86.ActiveCfg = Debug|Win32
		{774AE06B-F5D5-4DEE-AF18-F58C562C3E45}.Debug|x86.Build.0 = Debug|Win32
		{774AE06B-F5D5-4DEE-AF18-F58C562C3E45}.Release|x64.ActiveCfg = Release|x64
		{774AE06B-F5D5-4DEE-AF18-F58C562C3E45}.Release|x64.Build.0 = Release|x64
		{774AE06B-F5D5-4DEE-AF18-F58C562C3E45}.Release|x86.ActiveCfg = Release|Win32
		{774AE06B-F5D5-4DEE-AF18-F58C562C3E45}.Release|x86.Build.0 = Release|Win32
	EndGlobalSection
	GlobalSection(SolutionProperties) = preSolution
		HideSolutionNode = FALSE
	EndGlobalSection
	GlobalSection(ExtensibilityGlobals) = postSolution
		SolutionGuid = {C87FD970-F8AC-4567-82FB-4851A948081A}
	EndGlobalSection
EndGlobal
